
Microsoft Visual Studio Solution File, Format Version 12.00
# Visual Studio Version 16
VisualStudioVersion = 16.0.31911.196
MinimumVisualStudioVersion = 10.0.40219.1
Project("{FAE04EC0-301F-11D3-BF4B-00C04F79EFBC}") = "Задание_4_App1", "Задание_4\Задание_4_App1.csproj", "{B4877369-F98E-414C-A865-61EC799664E1}"
EndProject
Project("{FAE04EC0-301F-11D3-BF4B-00C04F79EFBC}") = "Задание_4_App2", "Задание_4_App2\Задание_4_App2.csproj", "{2179914E-AFBE-4925-BA03-8D906FECDD9E}"
EndProject
Global
	GlobalSection(SolutionConfigurationPlatforms) = preSolution
		Debug|Any CPU = Debug|Any CPU
		Release|Any CPU = Release|Any CPU
	EndGlobalSection
	GlobalSection(ProjectConfigurationPlatforms) = postSolution
		{B4877369-F98E-414C-A865-61EC799664E1}.Debug|Any CPU.ActiveCfg = Debug|Any CPU
		{B4877369-F98E-414C-A865-61EC799664E1}.Debug|Any CPU.Build.0 = Debug|Any CPU
		{B4877369-F98E-414C-A865-61EC799664E1}.Release|Any CPU.ActiveCfg = Release|Any CPU
		{B4877369-F98E-414C-A865-61EC799664E1}.Release|Any CPU.Build.0 = Release|Any CPU
		{2179914E-AFBE-4925-BA03-8D906FECDD9E}.Debug|Any CPU.ActiveCfg = Debug|Any CPU
		{2179914E-AFBE-4925-BA03-8D906FECDD9E}.Debug|Any CPU.Build.0 = Debug|Any CPU
		{2179914E-AFBE-4925-BA03-8D906FECDD9E}.Release|Any CPU.ActiveCfg = Release|Any CPU
		{2179914E-AFBE-4925-BA03-8D906FECDD9E}.Release|Any CPU.Build.0 = Release|Any CPU
	EndGlobalSection
	GlobalSection(SolutionProperties) = preSolution
		HideSolutionNode = FALSE
	EndGlobalSection
	GlobalSection(ExtensibilityGlobals) = postSolution
		SolutionGuid = {56B6C509-01A8-4270-9002-80E81E987A58}
	EndGlobalSection
EndGlobal
